
Microsoft Visual Studio Solution File, Format Version 12.00
# Visual Studio 15
VisualStudioVersion = 15.0.27004.2010
MinimumVisualStudioVersion = 10.0.40219.1
Project("{2150E333-8FDC-42A3-9474-1A3956D46DE8}") = "test", "test", "{E89920F0-6221-48A7-9E1C-F9B52A1D91D3}"
EndProject
Project("{FAE04EC0-301F-11D3-BF4B-00C04F79EFBC}") = "Talk.AutoMap.Extensions.Tests", "Talk.AutoMap.Extensions.Tests\Talk.AutoMap.Extensions.Tests.csproj", "{D8DAEF0D-55CE-4AB9-9FD7-B3F85575D1BE}"
EndProject
Project("{9A19103F-16F7-4668-BE54-9A1E7A4F7556}") = "Talk", "Talk\Talk.csproj", "{04FDEA85-5F34-46E7-B525-F0DBD8D33278}"
EndProject
Project("{9A19103F-16F7-4668-BE54-9A1E7A4F7556}") = "Talk.Cache", "Talk.Cache\Talk.Cache.csproj", "{9BFFDFB2-39E5-4F52-8E1C-77FD64CCC075}"
EndProject
Project("{FAE04EC0-301F-11D3-BF4B-00C04F79EFBC}") = "Talk.Cache.Tests", "Talk.Cache.Tests\Talk.Cache.Tests.csproj", "{A6E27EAD-BEE0-42DC-9DD3-6F1A14A6E0E2}"
EndProject
Project("{9A19103F-16F7-4668-BE54-9A1E7A4F7556}") = "Talk.AntiMalice", "Talk.AntiMalice\Talk.AntiMalice.csproj", "{2D42CDF8-6026-4536-BC18-206183112234}"
EndProject
Project("{9A19103F-16F7-4668-BE54-9A1E7A4F7556}") = "Talk.OAuthClient", "Talk.OAuthClient\Talk.OAuthClient.csproj", "{20CE5B60-69A5-435E-B69C-AEF919DF4412}"
EndProject
Project("{9A19103F-16F7-4668-BE54-9A1E7A4F7556}") = "Talk.OAuthClient.Tests", "Talk.OAuthClient.Tests\Talk.OAuthClient.Tests.csproj", "{1425C0D9-F147-4B61-9E20-7373494ED399}"
EndProject
Project("{9A19103F-16F7-4668-BE54-9A1E7A4F7556}") = "Talk.Redis", "Talk.Redis\Talk.Redis.csproj", "{1093B77B-CAC0-4C58-9B04-C5C3780ABC79}"
EndProject
Project("{9A19103F-16F7-4668-BE54-9A1E7A4F7556}") = "Talk.Redis.Tests", "Talk.Redis.Tests\Talk.Redis.Tests.csproj", "{42AF4007-A9A6-409D-945F-C232EA157947}"
EndProject
Project("{9A19103F-16F7-4668-BE54-9A1E7A4F7556}") = "Talk.NPOI", "Talk.NPOI\Talk.NPOI.csproj", "{3D93BEEB-5B38-4147-9095-29A497BD499C}"
EndProject
Project("{9A19103F-16F7-4668-BE54-9A1E7A4F7556}") = "Talk.NPOI.Tests", "Talk.NPOI.Tests\Talk.NPOI.Tests.csproj", "{D57F3CE6-3DD9-4484-A186-4093EBB7F947}"
EndProject
Project("{2150E333-8FDC-42A3-9474-1A3956D46DE8}") = "src", "src", "{3709BAF9-283E-42D7-AC6C-F4E49E940B2D}"
EndProject
Project("{9A19103F-16F7-4668-BE54-9A1E7A4F7556}") = "Talk.Tests", "Talk.Tests\Talk.Tests.csproj", "{08808548-8F28-4920-97B3-9EA26ADFDEE0}"
EndProject
Project("{9A19103F-16F7-4668-BE54-9A1E7A4F7556}") = "Talk.AutoMap.Extensions", "Talk.AutoMap.Extensions\Talk.AutoMap.Extensions.csproj", "{CE29A2F8-4D4A-45AF-B24F-C67C3C6D3550}"
EndProject
Project("{9A19103F-16F7-4668-BE54-9A1E7A4F7556}") = "Talk.Linq.Extensions", "Talk.Linq.Extensions\Talk.Linq.Extensions.csproj", "{544B2333-3CA8-49DF-B98D-B4C755351ED1}"
EndProject
Project("{9A19103F-16F7-4668-BE54-9A1E7A4F7556}") = "Talk.Extensions", "Talk.Extensions\Talk.Extensions.csproj", "{8886F4E2-A108-4429-B5D8-5640D9385AFE}"
EndProject
Project("{2150E333-8FDC-42A3-9474-1A3956D46DE8}") = "nuget", "nuget", "{833BA36C-B2F5-4F04-9A83-973F61245379}"
	ProjectSection(SolutionItems) = preProject
		C:\nuget.exe = C:\nuget.exe
		Talk.Redis\nuget下载地址.txt = Talk.Redis\nuget下载地址.txt
	EndProjectSection
EndProject
Project("{9A19103F-16F7-4668-BE54-9A1E7A4F7556}") = "Talk.Extensions.Tests", "Talk.Extensions.Tests\Talk.Extensions.Tests.csproj", "{3F458904-88D6-4111-B13E-1DFAEA822C3F}"
EndProject
Global
	GlobalSection(SolutionConfigurationPlatforms) = preSolution
		Debug|Any CPU = Debug|Any CPU
		Release|Any CPU = Release|Any CPU
	EndGlobalSection
	GlobalSection(ProjectConfigurationPlatforms) = postSolution
		{D8DAEF0D-55CE-4AB9-9FD7-B3F85575D1BE}.Debug|Any CPU.ActiveCfg = Debug|Any CPU
		{D8DAEF0D-55CE-4AB9-9FD7-B3F85575D1BE}.Debug|Any CPU.Build.0 = Debug|Any CPU
		{D8DAEF0D-55CE-4AB9-9FD7-B3F85575D1BE}.Release|Any CPU.ActiveCfg = Release|Any CPU
		{D8DAEF0D-55CE-4AB9-9FD7-B3F85575D1BE}.Release|Any CPU.Build.0 = Release|Any CPU
		{04FDEA85-5F34-46E7-B525-F0DBD8D33278}.Debug|Any CPU.ActiveCfg = Debug|Any CPU
		{04FDEA85-5F34-46E7-B525-F0DBD8D33278}.Debug|Any CPU.Build.0 = Debug|Any CPU
		{04FDEA85-5F34-46E7-B525-F0DBD8D33278}.Release|Any CPU.ActiveCfg = Release|Any CPU
		{04FDEA85-5F34-46E7-B525-F0DBD8D33278}.Release|Any CPU.Build.0 = Release|Any CPU
		{9BFFDFB2-39E5-4F52-8E1C-77FD64CCC075}.Debug|Any CPU.ActiveCfg = Debug|Any CPU
		{9BFFDFB2-39E5-4F52-8E1C-77FD64CCC075}.Debug|Any CPU.Build.0 = Debug|Any CPU
		{9BFFDFB2-39E5-4F52-8E1C-77FD64CCC075}.Release|Any CPU.ActiveCfg = Release|Any CPU
		{9BFFDFB2-39E5-4F52-8E1C-77FD64CCC075}.Release|Any CPU.Build.0 = Release|Any CPU
		{A6E27EAD-BEE0-42DC-9DD3-6F1A14A6E0E2}.Debug|Any CPU.ActiveCfg = Debug|Any CPU
		{A6E27EAD-BEE0-42DC-9DD3-6F1A14A6E0E2}.Debug|Any CPU.Build.0 = Debug|Any CPU
		{A6E27EAD-BEE0-42DC-9DD3-6F1A14A6E0E2}.Release|Any CPU.ActiveCfg = Release|Any CPU
		{A6E27EAD-BEE0-42DC-9DD3-6F1A14A6E0E2}.Release|Any CPU.Build.0 = Release|Any CPU
		{2D42CDF8-6026-4536-BC18-206183112234}.Debug|Any CPU.ActiveCfg = Debug|Any CPU
		{2D42CDF8-6026-4536-BC18-206183112234}.Debug|Any CPU.Build.0 = Debug|Any CPU
		{2D42CDF8-6026-4536-BC18-206183112234}.Release|Any CPU.ActiveCfg = Release|Any CPU
		{2D42CDF8-6026-4536-BC18-206183112234}.Release|Any CPU.Build.0 = Release|Any CPU
		{20CE5B60-69A5-435E-B69C-AEF919DF4412}.Debug|Any CPU.ActiveCfg = Debug|Any CPU
		{20CE5B60-69A5-435E-B69C-AEF919DF4412}.Debug|Any CPU.Build.0 = Debug|Any CPU
		{20CE5B60-69A5-435E-B69C-AEF919DF4412}.Release|Any CPU.ActiveCfg = Release|Any CPU
		{20CE5B60-69A5-435E-B69C-AEF919DF4412}.Release|Any CPU.Build.0 = Release|Any CPU
		{1425C0D9-F147-4B61-9E20-7373494ED399}.Debug|Any CPU.ActiveCfg = Debug|Any CPU
		{1425C0D9-F147-4B61-9E20-7373494ED399}.Debug|Any CPU.Build.0 = Debug|Any CPU
		{1425C0D9-F147-4B61-9E20-7373494ED399}.Release|Any CPU.ActiveCfg = Release|Any CPU
		{1425C0D9-F147-4B61-9E20-7373494ED399}.Release|Any CPU.Build.0 = Release|Any CPU
		{1093B77B-CAC0-4C58-9B04-C5C3780ABC79}.Debug|Any CPU.ActiveCfg = Debug|Any CPU
		{1093B77B-CAC0-4C58-9B04-C5C3780ABC79}.Debug|Any CPU.Build.0 = Debug|Any CPU
		{1093B77B-CAC0-4C58-9B04-C5C3780ABC79}.Release|Any CPU.ActiveCfg = Release|Any CPU
		{1093B77B-CAC0-4C58-9B04-C5C3780ABC79}.Release|Any CPU.Build.0 = Release|Any CPU
		{42AF4007-A9A6-409D-945F-C232EA157947}.Debug|Any CPU.ActiveCfg = Debug|Any CPU
		{42AF4007-A9A6-409D-945F-C232EA157947}.Debug|Any CPU.Build.0 = Debug|Any CPU
		{42AF4007-A9A6-409D-945F-C232EA157947}.Release|Any CPU.ActiveCfg = Release|Any CPU
		{42AF4007-A9A6-409D-945F-C232EA157947}.Release|Any CPU.Build.0 = Release|Any CPU
		{3D93BEEB-5B38-4147-9095-29A497BD499C}.Debug|Any CPU.ActiveCfg = Debug|Any CPU
		{3D93BEEB-5B38-4147-9095-29A497BD499C}.Debug|Any CPU.Build.0 = Debug|Any CPU
		{3D93BEEB-5B38-4147-9095-29A497BD499C}.Release|Any CPU.ActiveCfg = Release|Any CPU
		{3D93BEEB-5B38-4147-9095-29A497BD499C}.Release|Any CPU.Build.0 = Release|Any CPU
		{D57F3CE6-3DD9-4484-A186-4093EBB7F947}.Debug|Any CPU.ActiveCfg = Debug|Any CPU
		{D57F3CE6-3DD9-4484-A186-4093EBB7F947}.Debug|Any CPU.Build.0 = Debug|Any CPU
		{D57F3CE6-3DD9-4484-A186-4093EBB7F947}.Release|Any CPU.ActiveCfg = Release|Any CPU
		{D57F3CE6-3DD9-4484-A186-4093EBB7F947}.Release|Any CPU.Build.0 = Release|Any CPU
		{08808548-8F28-4920-97B3-9EA26ADFDEE0}.Debug|Any CPU.ActiveCfg = Debug|Any CPU
		{08808548-8F28-4920-97B3-9EA26ADFDEE0}.Debug|Any CPU.Build.0 = Debug|Any CPU
		{08808548-8F28-4920-97B3-9EA26ADFDEE0}.Release|Any CPU.ActiveCfg = Release|Any CPU
		{08808548-8F28-4920-97B3-9EA26ADFDEE0}.Release|Any CPU.Build.0 = Release|Any CPU
		{CE29A2F8-4D4A-45AF-B24F-C67C3C6D3550}.Debug|Any CPU.ActiveCfg = Debug|Any CPU
		{CE29A2F8-4D4A-45AF-B24F-C67C3C6D3550}.Debug|Any CPU.Build.0 = Debug|Any CPU
		{CE29A2F8-4D4A-45AF-B24F-C67C3C6D3550}.Release|Any CPU.ActiveCfg = Release|Any CPU
		{CE29A2F8-4D4A-45AF-B24F-C67C3C6D3550}.Release|Any CPU.Build.0 = Release|Any CPU
		{544B2333-3CA8-49DF-B98D-B4C755351ED1}.Debug|Any CPU.ActiveCfg = Debug|Any CPU
		{544B2333-3CA8-49DF-B98D-B4C755351ED1}.Debug|Any CPU.Build.0 = Debug|Any CPU
		{544B2333-3CA8-49DF-B98D-B4C755351ED1}.Release|Any CPU.ActiveCfg = Release|Any CPU
		{544B2333-3CA8-49DF-B98D-B4C755351ED1}.Release|Any CPU.Build.0 = Release|Any CPU
		{8886F4E2-A108-4429-B5D8-5640D9385AFE}.Debug|Any CPU.ActiveCfg = Debug|Any CPU
		{8886F4E2-A108-4429-B5D8-5640D9385AFE}.Debug|Any CPU.Build.0 = Debug|Any CPU
		{8886F4E2-A108-4429-B5D8-5640D9385AFE}.Release|Any CPU.ActiveCfg = Release|Any CPU
		{8886F4E2-A108-4429-B5D8-5640D9385AFE}.Release|Any CPU.Build.0 = Release|Any CPU
		{3F458904-88D6-4111-B13E-1DFAEA822C3F}.Debug|Any CPU.ActiveCfg = Debug|Any CPU
		{3F458904-88D6-4111-B13E-1DFAEA822C3F}.Debug|Any CPU.Build.0 = Debug|Any CPU
		{3F458904-88D6-4111-B13E-1DFAEA822C3F}.Release|Any CPU.ActiveCfg = Release|Any CPU
		{3F458904-88D6-4111-B13E-1DFAEA822C3F}.Release|Any CPU.Build.0 = Release|Any CPU
	EndGlobalSection
	GlobalSection(SolutionProperties) = preSolution
		HideSolutionNode = FALSE
	EndGlobalSection
	GlobalSection(NestedProjects) = preSolution
		{D8DAEF0D-55CE-4AB9-9FD7-B3F85575D1BE} = {E89920F0-6221-48A7-9E1C-F9B52A1D91D3}
		{04FDEA85-5F34-46E7-B525-F0DBD8D33278} = {3709BAF9-283E-42D7-AC6C-F4E49E940B2D}
		{9BFFDFB2-39E5-4F52-8E1C-77FD64CCC075} = {3709BAF9-283E-42D7-AC6C-F4E49E940B2D}
		{A6E27EAD-BEE0-42DC-9DD3-6F1A14A6E0E2} = {E89920F0-6221-48A7-9E1C-F9B52A1D91D3}
		{2D42CDF8-6026-4536-BC18-206183112234} = {3709BAF9-283E-42D7-AC6C-F4E49E940B2D}
		{20CE5B60-69A5-435E-B69C-AEF919DF4412} = {3709BAF9-283E-42D7-AC6C-F4E49E940B2D}
		{1425C0D9-F147-4B61-9E20-7373494ED399} = {E89920F0-6221-48A7-9E1C-F9B52A1D91D3}
		{1093B77B-CAC0-4C58-9B04-C5C3780ABC79} = {3709BAF9-283E-42D7-AC6C-F4E49E940B2D}
		{42AF4007-A9A6-409D-945F-C232EA157947} = {E89920F0-6221-48A7-9E1C-F9B52A1D91D3}
		{3D93BEEB-5B38-4147-9095-29A497BD499C} = {3709BAF9-283E-42D7-AC6C-F4E49E940B2D}
		{D57F3CE6-3DD9-4484-A186-4093EBB7F947} = {E89920F0-6221-48A7-9E1C-F9B52A1D91D3}
		{08808548-8F28-4920-97B3-9EA26ADFDEE0} = {E89920F0-6221-48A7-9E1C-F9B52A1D91D3}
		{CE29A2F8-4D4A-45AF-B24F-C67C3C6D3550} = {3709BAF9-283E-42D7-AC6C-F4E49E940B2D}
		{544B2333-3CA8-49DF-B98D-B4C755351ED1} = {3709BAF9-283E-42D7-AC6C-F4E49E940B2D}
		{8886F4E2-A108-4429-B5D8-5640D9385AFE} = {3709BAF9-283E-42D7-AC6C-F4E49E940B2D}
		{833BA36C-B2F5-4F04-9A83-973F61245379} = {3709BAF9-283E-42D7-AC6C-F4E49E940B2D}
		{3F458904-88D6-4111-B13E-1DFAEA822C3F} = {E89920F0-6221-48A7-9E1C-F9B52A1D91D3}
	EndGlobalSection
	GlobalSection(ExtensibilityGlobals) = postSolution
		SolutionGuid = {401B7A10-6429-46EE-9B90-B13E416835E9}
	EndGlobalSection
EndGlobal
